{
  "name": "mongol-ai",
  "version": "0.5.1",
  "lockfileVersion": 3,
  "requires": true,
  "packages": {
    "": {
      "name": "mongol-ai",
      "version": "0.5.1",
      "dependencies": {
        "harfbuzzjs": "1.5.0"
      }
    },
    "node_modules/harfbuzzjs": {
      "version": "1.5.0",
      "resolved": "https://registry.npmjs.org/harfbuzzjs/-/harfbuzzjs-1.5.0.tgz",
      "integrity": "sha512-IYrYhWlY6BqSJlzhYbc2sxuFaJQXGpl74+1060SBDnYLt1gyyyUWM9LUbn8c/IWedmFW7Jgi9l+uI5cj0GN+qA==",
      "license": "MIT"
    }
  }
}
